
Microsoft Visual Studio Solution File, Format Version 12.00
# Visual Studio Version 17
VisualStudioVersion = 17.5.33530.505
MinimumVisualStudioVersion = 10.0.40219.1
Project("{FAE04EC0-301F-11D3-BF4B-00C04F79EFBC}") = "Photosharp Editor", "Photosharp Editor\Photosharp Editor.csproj", "{195C950F-5425-4360-919A-FF0CABB6B94F}"
EndProject
Global
	GlobalSection(SolutionConfigurationPlatforms) = preSolution
		Debug|Any CPU = Debug|Any CPU
		Release|Any CPU = Release|Any CPU
	EndGlobalSection
	GlobalSection(ProjectConfigurationPlatforms) = postSolution
		{195C950F-5425-4360-919A-FF0CABB6B94F}.Debug|Any CPU.ActiveCfg = Debug|Any CPU
		{195C950F-5425-4360-919A-FF0CABB6B94F}.Debug|Any CPU.Build.0 = Debug|Any CPU
		{195C950F-5425-4360-919A-FF0CABB6B94F}.Release|Any CPU.ActiveCfg = Release|Any CPU
		{195C950F-5425-4360-919A-FF0CABB6B94F}.Release|Any CPU.Build.0 = Release|Any CPU
	EndGlobalSection
	GlobalSection(SolutionProperties) = preSolution
		HideSolutionNode = FALSE
	EndGlobalSection
	GlobalSection(ExtensibilityGlobals) = postSolution
		SolutionGuid = {C9B43704-D25F-4292-A27C-589908BC3297}
	EndGlobalSection
EndGlobal
